# Generated by buf. DO NOT EDIT.
version: v1
deps:
  - remote: buf.build
    owner: googleapis
    repository: googleapis
    commit: 28151c0d0a1641bf938a7672c500e01d
    digest: shake256:49215edf8ef57f7863004539deff8834cfb2195113f0b890dd1f67815d9353e28e668019165b9d872395871eeafcbab3ccfdb2b5f11734d3cca95be9e8d139de
  - remote: buf.build
    owner: jekabolt
    repository: grbpwr-manager-common
    commit: 64b7fdbf3a8a4ad2ab1111750463c2f2
    digest: shake256:6b30062eb8ef1f173a4686947915be8e4a0f6e967bad17901dc20ec21bc3f7e1a39c8ad9f5bd829dbf369a61b9ee99e0886b749755f67576b58325c4557b8762
